// !$*UTF8*$!
{
	archiveVersion = 1;
	classes = {
	};
	objectVersion = 56;
	objects = {

/* Begin PBXBuildFile section */
		C266ADBC2AC2784000F7C02F /* WeatherInformationServer.swift in Sources */ = {isa = PBXBuildFile; fileRef = C266ADBB2AC2784000F7C02F /* WeatherInformationServer.swift */; };
		C266ADBF2AC3253F00F7C02F /* ConcreteAssetStorage.swift in Sources */ = {isa = PBXBuildFile; fileRef = C266ADBE2AC3253F00F7C02F /* ConcreteAssetStorage.swift */; };
		C266ADC22AC353F800F7C02F /* ConcreteGeocodingForOpenWeatherMap.swift in Sources */ = {isa = PBXBuildFile; fileRef = C266ADC12AC353F800F7C02F /* ConcreteGeocodingForOpenWeatherMap.swift */; };
		C266ADC42AC35B2700F7C02F /* API_KEY.swift in Sources */ = {isa = PBXBuildFile; fileRef = C266ADC32AC35B2700F7C02F /* API_KEY.swift */; };
		C266ADC62AC35DAA00F7C02F /* AppError.swift in Sources */ = {isa = PBXBuildFile; fileRef = C266ADC52AC35DAA00F7C02F /* AppError.swift */; };
		C266ADC92AC3606A00F7C02F /* GeocodingServer.swift in Sources */ = {isa = PBXBuildFile; fileRef = C266ADC82AC3606A00F7C02F /* GeocodingServer.swift */; };
		C266ADCC2AC3868F00F7C02F /* LocationManager.swift in Sources */ = {isa = PBXBuildFile; fileRef = C266ADCB2AC3868F00F7C02F /* LocationManager.swift */; };
		F884CC272AC1E0E7006E4903 /* WeatherAppApp.swift in Sources */ = {isa = PBXBuildFile; fileRef = F884CC262AC1E0E7006E4903 /* WeatherAppApp.swift */; };
		F884CC292AC1E0E7006E4903 /* ContentView.swift in Sources */ = {isa = PBXBuildFile; fileRef = F884CC282AC1E0E7006E4903 /* ContentView.swift */; };
		F884CC2B2AC1E0E8006E4903 /* Assets.xcassets in Resources */ = {isa = PBXBuildFile; fileRef = F884CC2A2AC1E0E8006E4903 /* Assets.xcassets */; };
		F884CC2F2AC1E0E8006E4903 /* Preview Assets.xcassets in Resources */ = {isa = PBXBuildFile; fileRef = F884CC2E2AC1E0E8006E4903 /* Preview Assets.xcassets */; };
		F884CC392AC1E0E8006E4903 /* WeatherAppTests.swift in Sources */ = {isa = PBXBuildFile; fileRef = F884CC382AC1E0E8006E4903 /* WeatherAppTests.swift */; };
		F884CC432AC1E0E8006E4903 /* WeatherAppUITests.swift in Sources */ = {isa = PBXBuildFile; fileRef = F884CC422AC1E0E8006E4903 /* WeatherAppUITests.swift */; };
		F884CC452AC1E0E8006E4903 /* WeatherAppUITestsLaunchTests.swift in Sources */ = {isa = PBXBuildFile; fileRef = F884CC442AC1E0E8006E4903 /* WeatherAppUITestsLaunchTests.swift */; };
		F884CC542AC1ED0F006E4903 /* UpdateLocationView.swift in Sources */ = {isa = PBXBuildFile; fileRef = F884CC532AC1ED0F006E4903 /* UpdateLocationView.swift */; };
		F884CC562AC1EE2C006E4903 /* ConcreteUserSettings.swift in Sources */ = {isa = PBXBuildFile; fileRef = F884CC552AC1EE2C006E4903 /* ConcreteUserSettings.swift */; };
		F884CC592AC1F16A006E4903 /* SecureStorage.swift in Sources */ = {isa = PBXBuildFile; fileRef = F884CC582AC1F16A006E4903 /* SecureStorage.swift */; };
		F884CC5B2AC1F174006E4903 /* ConcreteSecureStorage.swift in Sources */ = {isa = PBXBuildFile; fileRef = F884CC5A2AC1F174006E4903 /* ConcreteSecureStorage.swift */; };
		F884CC5E2AC1F1B6006E4903 /* UserSettings.swift in Sources */ = {isa = PBXBuildFile; fileRef = F884CC5D2AC1F1B6006E4903 /* UserSettings.swift */; };
		F884CC632AC1F2DE006E4903 /* MissingLocationView.swift in Sources */ = {isa = PBXBuildFile; fileRef = F884CC622AC1F2DE006E4903 /* MissingLocationView.swift */; };
		F884CC662AC1F383006E4903 /* WeatherView.swift in Sources */ = {isa = PBXBuildFile; fileRef = F884CC652AC1F383006E4903 /* WeatherView.swift */; };
		F884CC682AC1FF2C006E4903 /* UpdateLocationViewModel.swift in Sources */ = {isa = PBXBuildFile; fileRef = F884CC672AC1FF2C006E4903 /* UpdateLocationViewModel.swift */; };
		F884CC6B2AC2063F006E4903 /* ConcreteLocationManager.swift in Sources */ = {isa = PBXBuildFile; fileRef = F884CC6A2AC2063F006E4903 /* ConcreteLocationManager.swift */; };
		F88C62472AC24C250005E95A /* WeatherAPIs.swift in Sources */ = {isa = PBXBuildFile; fileRef = F88C62462AC24C250005E95A /* WeatherAPIs.swift */; };
		F88C62492AC24C5C0005E95A /* WeatherViewModel.swift in Sources */ = {isa = PBXBuildFile; fileRef = F88C62482AC24C5C0005E95A /* WeatherViewModel.swift */; };
/* End PBXBuildFile section */

/* Begin PBXContainerItemProxy section */
		F884CC352AC1E0E8006E4903 /* PBXContainerItemProxy */ = {
			isa = PBXContainerItemProxy;
			containerPortal = F884CC1B2AC1E0E7006E4903 /* Project object */;
			proxyType = 1;
			remoteGlobalIDString = F884CC222AC1E0E7006E4903;
			remoteInfo = WeatherApp;
		};
		F884CC3F2AC1E0E8006E4903 /* PBXContainerItemProxy */ = {
			isa = PBXContainerItemProxy;
			containerPortal = F884CC1B2AC1E0E7006E4903 /* Project object */;
			proxyType = 1;
			remoteGlobalIDString = F884CC222AC1E0E7006E4903;
			remoteInfo = WeatherApp;
		};
/* End PBXContainerItemProxy section */

/* Begin PBXFileReference section */
		C266ADBB2AC2784000F7C02F /* WeatherInformationServer.swift */ = {isa = PBXFileReference; lastKnownFileType = sourcecode.swift; path = WeatherInformationServer.swift; sourceTree = "<group>"; };
		C266ADBE2AC3253F00F7C02F /* ConcreteAssetStorage.swift */ = {isa = PBXFileReference; lastKnownFileType = sourcecode.swift; path = ConcreteAssetStorage.swift; sourceTree = "<group>"; };
		C266ADC12AC353F800F7C02F /* ConcreteGeocodingForOpenWeatherMap.swift */ = {isa = PBXFileReference; lastKnownFileType = sourcecode.swift; path = ConcreteGeocodingForOpenWeatherMap.swift; sourceTree = "<group>"; };
		C266ADC32AC35B2700F7C02F /* API_KEY.swift */ = {isa = PBXFileReference; lastKnownFileType = sourcecode.swift; path = API_KEY.swift; sourceTree = "<group>"; };
		C266ADC52AC35DAA00F7C02F /* AppError.swift */ = {isa = PBXFileReference; lastKnownFileType = sourcecode.swift; path = AppError.swift; sourceTree = "<group>"; };
		C266ADC82AC3606A00F7C02F /* GeocodingServer.swift */ = {isa = PBXFileReference; lastKnownFileType = sourcecode.swift; path = GeocodingServer.swift; sourceTree = "<group>"; };
		C266ADCB2AC3868F00F7C02F /* LocationManager.swift */ = {isa = PBXFileReference; lastKnownFileType = sourcecode.swift; path = LocationManager.swift; sourceTree = "<group>"; };
		F884CC232AC1E0E7006E4903 /* WeatherApp.app */ = {isa = PBXFileReference; explicitFileType = wrapper.application; includeInIndex = 0; path = WeatherApp.app; sourceTree = BUILT_PRODUCTS_DIR; };
		F884CC262AC1E0E7006E4903 /* WeatherAppApp.swift */ = {isa = PBXFileReference; lastKnownFileType = sourcecode.swift; path = WeatherAppApp.swift; sourceTree = "<group>"; };
		F884CC282AC1E0E7006E4903 /* ContentView.swift */ = {isa = PBXFileReference; lastKnownFileType = sourcecode.swift; path = ContentView.swift; sourceTree = "<group>"; };
		F884CC2A2AC1E0E8006E4903 /* Assets.xcassets */ = {isa = PBXFileReference; lastKnownFileType = folder.assetcatalog; path = Assets.xcassets; sourceTree = "<group>"; };
		F884CC2C2AC1E0E8006E4903 /* WeatherApp.entitlements */ = {isa = PBXFileReference; lastKnownFileType = text.plist.entitlements; path = WeatherApp.entitlements; sourceTree = "<group>"; };
		F884CC2E2AC1E0E8006E4903 /* Preview Assets.xcassets */ = {isa = PBXFileReference; lastKnownFileType = folder.assetcatalog; path = "Preview Assets.xcassets"; sourceTree = "<group>"; };
		F884CC342AC1E0E8006E4903 /* WeatherAppTests.xctest */ = {isa = PBXFileReference; explicitFileType = wrapper.cfbundle; includeInIndex = 0; path = WeatherAppTests.xctest; sourceTree = BUILT_PRODUCTS_DIR; };
		F884CC382AC1E0E8006E4903 /* WeatherAppTests.swift */ = {isa = PBXFileReference; lastKnownFileType = sourcecode.swift; path = WeatherAppTests.swift; sourceTree = "<group>"; };
		F884CC3E2AC1E0E8006E4903 /* WeatherAppUITests.xctest */ = {isa = PBXFileReference; explicitFileType = wrapper.cfbundle; includeInIndex = 0; path = WeatherAppUITests.xctest; sourceTree = BUILT_PRODUCTS_DIR; };
		F884CC422AC1E0E8006E4903 /* WeatherAppUITests.swift */ = {isa = PBXFileReference; lastKnownFileType = sourcecode.swift; path = WeatherAppUITests.swift; sourceTree = "<group>"; };
		F884CC442AC1E0E8006E4903 /* WeatherAppUITestsLaunchTests.swift */ = {isa = PBXFileReference; lastKnownFileType = sourcecode.swift; path = WeatherAppUITestsLaunchTests.swift; sourceTree = "<group>"; };
		F884CC532AC1ED0F006E4903 /* UpdateLocationView.swift */ = {isa = PBXFileReference; lastKnownFileType = sourcecode.swift; path = UpdateLocationView.swift; sourceTree = "<group>"; };
		F884CC552AC1EE2C006E4903 /* ConcreteUserSettings.swift */ = {isa = PBXFileReference; lastKnownFileType = sourcecode.swift; path = ConcreteUserSettings.swift; sourceTree = "<group>"; };
		F884CC582AC1F16A006E4903 /* SecureStorage.swift */ = {isa = PBXFileReference; lastKnownFileType = sourcecode.swift; path = SecureStorage.swift; sourceTree = "<group>"; };
		F884CC5A2AC1F174006E4903 /* ConcreteSecureStorage.swift */ = {isa = PBXFileReference; lastKnownFileType = sourcecode.swift; path = ConcreteSecureStorage.swift; sourceTree = "<group>"; };
		F884CC5D2AC1F1B6006E4903 /* UserSettings.swift */ = {isa = PBXFileReference; lastKnownFileType = sourcecode.swift; path = UserSettings.swift; sourceTree = "<group>"; };
		F884CC622AC1F2DE006E4903 /* MissingLocationView.swift */ = {isa = PBXFileReference; lastKnownFileType = sourcecode.swift; path = MissingLocationView.swift; sourceTree = "<group>"; };
		F884CC652AC1F383006E4903 /* WeatherView.swift */ = {isa = PBXFileReference; lastKnownFileType = sourcecode.swift; path = WeatherView.swift; sourceTree = "<group>"; };
		F884CC672AC1FF2C006E4903 /* UpdateLocationViewModel.swift */ = {isa = PBXFileReference; lastKnownFileType = sourcecode.swift; path = UpdateLocationViewModel.swift; sourceTree = "<group>"; };
		F884CC692AC2043F006E4903 /* Info.plist */ = {isa = PBXFileReference; lastKnownFileType = text.plist; path = Info.plist; sourceTree = "<group>"; };
		F884CC6A2AC2063F006E4903 /* ConcreteLocationManager.swift */ = {isa = PBXFileReference; lastKnownFileType = sourcecode.swift; path = ConcreteLocationManager.swift; sourceTree = "<group>"; };
		F88C62462AC24C250005E95A /* WeatherAPIs.swift */ = {isa = PBXFileReference; lastKnownFileType = sourcecode.swift; path = WeatherAPIs.swift; sourceTree = "<group>"; };
		F88C62482AC24C5C0005E95A /* WeatherViewModel.swift */ = {isa = PBXFileReference; lastKnownFileType = sourcecode.swift; path = WeatherViewModel.swift; sourceTree = "<group>"; };
/* End PBXFileReference section */

/* Begin PBXFrameworksBuildPhase section */
		F884CC202AC1E0E7006E4903 /* Frameworks */ = {
			isa = PBXFrameworksBuildPhase;
			buildActionMask = 2147483647;
			files = (
			);
			runOnlyForDeploymentPostprocessing = 0;
		};
		F884CC312AC1E0E8006E4903 /* Frameworks */ = {
			isa = PBXFrameworksBuildPhase;
			buildActionMask = 2147483647;
			files = (
			);
			runOnlyForDeploymentPostprocessing = 0;
		};
		F884CC3B2AC1E0E8006E4903 /* Frameworks */ = {
			isa = PBXFrameworksBuildPhase;
			buildActionMask = 2147483647;
			files = (
			);
			runOnlyForDeploymentPostprocessing = 0;
		};
/* End PBXFrameworksBuildPhase section */

/* Begin PBXGroup section */
		C266ADBD2AC3252B00F7C02F /* AssetStorage */ = {
			isa = PBXGroup;
			children = (
				C266ADBE2AC3253F00F7C02F /* ConcreteAssetStorage.swift */,
			);
			path = AssetStorage;
			sourceTree = "<group>";
		};
		C266ADC72AC3605700F7C02F /* OpenWeatherMap */ = {
			isa = PBXGroup;
			children = (
				C266ADC12AC353F800F7C02F /* ConcreteGeocodingForOpenWeatherMap.swift */,
				F88C62462AC24C250005E95A /* WeatherAPIs.swift */,
				C266ADBB2AC2784000F7C02F /* WeatherInformationServer.swift */,
				C266ADC82AC3606A00F7C02F /* GeocodingServer.swift */,
			);
			path = OpenWeatherMap;
			sourceTree = "<group>";
		};
		C266ADCA2AC3866900F7C02F /* LocationManager */ = {
			isa = PBXGroup;
			children = (
				C266ADCB2AC3868F00F7C02F /* LocationManager.swift */,
				F884CC6A2AC2063F006E4903 /* ConcreteLocationManager.swift */,
			);
			path = LocationManager;
			sourceTree = "<group>";
		};
		F884CC1A2AC1E0E7006E4903 = {
			isa = PBXGroup;
			children = (
				C266ADC52AC35DAA00F7C02F /* AppError.swift */,
				C266ADC32AC35B2700F7C02F /* API_KEY.swift */,
				C266ADBD2AC3252B00F7C02F /* AssetStorage */,
				F884CC612AC1F2C7006E4903 /* Views */,
				F884CC5C2AC1F1A3006E4903 /* UserSettings */,
				F884CC572AC1F15B006E4903 /* SecureStorage */,
				C266ADC72AC3605700F7C02F /* OpenWeatherMap */,
				C266ADCA2AC3866900F7C02F /* LocationManager */,
				F884CC252AC1E0E7006E4903 /* WeatherApp */,
				F884CC372AC1E0E8006E4903 /* WeatherAppTests */,
				F884CC412AC1E0E8006E4903 /* WeatherAppUITests */,
				F884CC242AC1E0E7006E4903 /* Products */,
			);
			sourceTree = "<group>";
		};
		F884CC242AC1E0E7006E4903 /* Products */ = {
			isa = PBXGroup;
			children = (
				F884CC232AC1E0E7006E4903 /* WeatherApp.app */,
				F884CC342AC1E0E8006E4903 /* WeatherAppTests.xctest */,
				F884CC3E2AC1E0E8006E4903 /* WeatherAppUITests.xctest */,
			);
			name = Products;
			sourceTree = "<group>";
		};
		F884CC252AC1E0E7006E4903 /* WeatherApp */ = {
			isa = PBXGroup;
			children = (
				F884CC692AC2043F006E4903 /* Info.plist */,
				F884CC262AC1E0E7006E4903 /* WeatherAppApp.swift */,
				F884CC282AC1E0E7006E4903 /* ContentView.swift */,
				F884CC2A2AC1E0E8006E4903 /* Assets.xcassets */,
				F884CC2C2AC1E0E8006E4903 /* WeatherApp.entitlements */,
				F884CC2D2AC1E0E8006E4903 /* Preview Content */,
			);
			path = WeatherApp;
			sourceTree = "<group>";
		};
		F884CC2D2AC1E0E8006E4903 /* Preview Content */ = {
			isa = PBXGroup;
			children = (
				F884CC2E2AC1E0E8006E4903 /* Preview Assets.xcassets */,
			);
			path = "Preview Content";
			sourceTree = "<group>";
		};
		F884CC372AC1E0E8006E4903 /* WeatherAppTests */ = {
			isa = PBXGroup;
			children = (
				F884CC382AC1E0E8006E4903 /* WeatherAppTests.swift */,
			);
			path = WeatherAppTests;
			sourceTree = "<group>";
		};
		F884CC412AC1E0E8006E4903 /* WeatherAppUITests */ = {
			isa = PBXGroup;
			children = (
				F884CC422AC1E0E8006E4903 /* WeatherAppUITests.swift */,
				F884CC442AC1E0E8006E4903 /* WeatherAppUITestsLaunchTests.swift */,
			);
			path = WeatherAppUITests;
			sourceTree = "<group>";
		};
		F884CC572AC1F15B006E4903 /* SecureStorage */ = {
			isa = PBXGroup;
			children = (
				F884CC582AC1F16A006E4903 /* SecureStorage.swift */,
				F884CC5A2AC1F174006E4903 /* ConcreteSecureStorage.swift */,
			);
			path = SecureStorage;
			sourceTree = "<group>";
		};
		F884CC5C2AC1F1A3006E4903 /* UserSettings */ = {
			isa = PBXGroup;
			children = (
				F884CC5D2AC1F1B6006E4903 /* UserSettings.swift */,
				F884CC552AC1EE2C006E4903 /* ConcreteUserSettings.swift */,
			);
			path = UserSettings;
			sourceTree = "<group>";
		};
		F884CC5F2AC1F29D006E4903 /* UpdateLocation */ = {
			isa = PBXGroup;
			children = (
				F884CC532AC1ED0F006E4903 /* UpdateLocationView.swift */,
				F884CC672AC1FF2C006E4903 /* UpdateLocationViewModel.swift */,
			);
			path = UpdateLocation;
			sourceTree = "<group>";
		};
		F884CC602AC1F2C0006E4903 /* MissingLocation */ = {
			isa = PBXGroup;
			children = (
				F884CC622AC1F2DE006E4903 /* MissingLocationView.swift */,
			);
			path = MissingLocation;
			sourceTree = "<group>";
		};
		F884CC612AC1F2C7006E4903 /* Views */ = {
			isa = PBXGroup;
			children = (
				F884CC642AC1F368006E4903 /* Weather */,
				F884CC602AC1F2C0006E4903 /* MissingLocation */,
				F884CC5F2AC1F29D006E4903 /* UpdateLocation */,
			);
			path = Views;
			sourceTree = "<group>";
		};
		F884CC642AC1F368006E4903 /* Weather */ = {
			isa = PBXGroup;
			children = (
				F884CC652AC1F383006E4903 /* WeatherView.swift */,
				F88C62482AC24C5C0005E95A /* WeatherViewModel.swift */,
			);
			path = Weather;
			sourceTree = "<group>";
		};
/* End PBXGroup section */

/* Begin PBXNativeTarget section */
		F884CC222AC1E0E7006E4903 /* WeatherApp */ = {
			isa = PBXNativeTarget;
			buildConfigurationList = F884CC482AC1E0E8006E4903 /* Build configuration list for PBXNativeTarget "WeatherApp" */;
			buildPhases = (
				F884CC1F2AC1E0E7006E4903 /* Sources */,
				F884CC202AC1E0E7006E4903 /* Frameworks */,
				F884CC212AC1E0E7006E4903 /* Resources */,
			);
			buildRules = (
			);
			dependencies = (
			);
			name = WeatherApp;
			productName = WeatherApp;
			productReference = F884CC232AC1E0E7006E4903 /* WeatherApp.app */;
			productType = "com.apple.product-type.application";
		};
		F884CC332AC1E0E8006E4903 /* WeatherAppTests */ = {
			isa = PBXNativeTarget;
			buildConfigurationList = F884CC4B2AC1E0E8006E4903 /* Build configuration list for PBXNativeTarget "WeatherAppTests" */;
			buildPhases = (
				F884CC302AC1E0E8006E4903 /* Sources */,
				F884CC312AC1E0E8006E4903 /* Frameworks */,
				F884CC322AC1E0E8006E4903 /* Resources */,
			);
			buildRules = (
			);
			dependencies = (
				F884CC362AC1E0E8006E4903 /* PBXTargetDependency */,
			);
			name = WeatherAppTests;
			productName = WeatherAppTests;
			productReference = F884CC342AC1E0E8006E4903 /* WeatherAppTests.xctest */;
			productType = "com.apple.product-type.bundle.unit-test";
		};
		F884CC3D2AC1E0E8006E4903 /* WeatherAppUITests */ = {
			isa = PBXNativeTarget;
			buildConfigurationList = F884CC4E2AC1E0E8006E4903 /* Build configuration list for PBXNativeTarget "WeatherAppUITests" */;
			buildPhases = (
				F884CC3A2AC1E0E8006E4903 /* Sources */,
				F884CC3B2AC1E0E8006E4903 /* Frameworks */,
				F884CC3C2AC1E0E8006E4903 /* Resources */,
			);
			buildRules = (
			);
			dependencies = (
				F884CC402AC1E0E8006E4903 /* PBXTargetDependency */,
			);
			name = WeatherAppUITests;
			productName = WeatherAppUITests;
			productReference = F884CC3E2AC1E0E8006E4903 /* WeatherAppUITests.xctest */;
			productType = "com.apple.product-type.bundle.ui-testing";
		};
/* End PBXNativeTarget section */

/* Begin PBXProject section */
		F884CC1B2AC1E0E7006E4903 /* Project object */ = {
			isa = PBXProject;
			attributes = {
				BuildIndependentTargetsInParallel = 1;
				LastSwiftUpdateCheck = 1420;
				LastUpgradeCheck = 1420;
				TargetAttributes = {
					F884CC222AC1E0E7006E4903 = {
						CreatedOnToolsVersion = 14.2;
					};
					F884CC332AC1E0E8006E4903 = {
						CreatedOnToolsVersion = 14.2;
						TestTargetID = F884CC222AC1E0E7006E4903;
					};
					F884CC3D2AC1E0E8006E4903 = {
						CreatedOnToolsVersion = 14.2;
						TestTargetID = F884CC222AC1E0E7006E4903;
					};
				};
			};
			buildConfigurationList = F884CC1E2AC1E0E7006E4903 /* Build configuration list for PBXProject "WeatherApp" */;
			compatibilityVersion = "Xcode 14.0";
			developmentRegion = en;
			hasScannedForEncodings = 0;
			knownRegions = (
				en,
				Base,
			);
			mainGroup = F884CC1A2AC1E0E7006E4903;
			productRefGroup = F884CC242AC1E0E7006E4903 /* Products */;
			projectDirPath = "";
			projectRoot = "";
			targets = (
				F884CC222AC1E0E7006E4903 /* WeatherApp */,
				F884CC332AC1E0E8006E4903 /* WeatherAppTests */,
				F884CC3D2AC1E0E8006E4903 /* WeatherAppUITests */,
			);
		};
/* End PBXProject section */

/* Begin PBXResourcesBuildPhase section */
		F884CC212AC1E0E7006E4903 /* Resources */ = {
			isa = PBXResourcesBuildPhase;
			buildActionMask = 2147483647;
			files = (
				F884CC2F2AC1E0E8006E4903 /* Preview Assets.xcassets in Resources */,
				F884CC2B2AC1E0E8006E4903 /* Assets.xcassets in Resources */,
			);
			runOnlyForDeploymentPostprocessing = 0;
		};
		F884CC322AC1E0E8006E4903 /* Resources */ = {
			isa = PBXResourcesBuildPhase;
			buildActionMask = 2147483647;
			files = (
			);
			runOnlyForDeploymentPostprocessing = 0;
		};
		F884CC3C2AC1E0E8006E4903 /* Resources */ = {
			isa = PBXResourcesBuildPhase;
			buildActionMask = 2147483647;
			files = (
			);
			runOnlyForDeploymentPostprocessing = 0;
		};
/* End PBXResourcesBuildPhase section */

/* Begin PBXSourcesBuildPhase section */
		F884CC1F2AC1E0E7006E4903 /* Sources */ = {
			isa = PBXSourcesBuildPhase;
			buildActionMask = 2147483647;
			files = (
				C266ADBF2AC3253F00F7C02F /* ConcreteAssetStorage.swift in Sources */,
				F884CC592AC1F16A006E4903 /* SecureStorage.swift in Sources */,
				C266ADC62AC35DAA00F7C02F /* AppError.swift in Sources */,
				F88C62492AC24C5C0005E95A /* WeatherViewModel.swift in Sources */,
				F884CC292AC1E0E7006E4903 /* ContentView.swift in Sources */,
				C266ADC22AC353F800F7C02F /* ConcreteGeocodingForOpenWeatherMap.swift in Sources */,
				F884CC5B2AC1F174006E4903 /* ConcreteSecureStorage.swift in Sources */,
				F884CC6B2AC2063F006E4903 /* ConcreteLocationManager.swift in Sources */,
				F884CC682AC1FF2C006E4903 /* UpdateLocationViewModel.swift in Sources */,
				F884CC632AC1F2DE006E4903 /* MissingLocationView.swift in Sources */,
				F884CC542AC1ED0F006E4903 /* UpdateLocationView.swift in Sources */,
				C266ADC92AC3606A00F7C02F /* GeocodingServer.swift in Sources */,
				C266ADCC2AC3868F00F7C02F /* LocationManager.swift in Sources */,
				C266ADC42AC35B2700F7C02F /* API_KEY.swift in Sources */,
				F884CC662AC1F383006E4903 /* WeatherView.swift in Sources */,
				F884CC5E2AC1F1B6006E4903 /* UserSettings.swift in Sources */,
				C266ADBC2AC2784000F7C02F /* WeatherInformationServer.swift in Sources */,
				F88C62472AC24C250005E95A /* WeatherAPIs.swift in Sources */,
				F884CC562AC1EE2C006E4903 /* ConcreteUserSettings.swift in Sources */,
				F884CC272AC1E0E7006E4903 /* WeatherAppApp.swift in Sources */,
			);
			runOnlyForDeploymentPostprocessing = 0;
		};
		F884CC302AC1E0E8006E4903 /* Sources */ = {
			isa = PBXSourcesBuildPhase;
			buildActionMask = 2147483647;
			files = (
				F884CC392AC1E0E8006E4903 /* WeatherAppTests.swift in Sources */,
			);
			runOnlyForDeploymentPostprocessing = 0;
		};
		F884CC3A2AC1E0E8006E4903 /* Sources */ = {
			isa = PBXSourcesBuildPhase;
			buildActionMask = 2147483647;
			files = (
				F884CC432AC1E0E8006E4903 /* WeatherAppUITests.swift in Sources */,
				F884CC452AC1E0E8006E4903 /* WeatherAppUITestsLaunchTests.swift in Sources */,
			);
			runOnlyForDeploymentPostprocessing = 0;
		};
/* End PBXSourcesBuildPhase section */

/* Begin PBXTargetDependency section */
		F884CC362AC1E0E8006E4903 /* PBXTargetDependency */ = {
			isa = PBXTargetDependency;
			target = F884CC222AC1E0E7006E4903 /* WeatherApp */;
			targetProxy = F884CC352AC1E0E8006E4903 /* PBXContainerItemProxy */;
		};
		F884CC402AC1E0E8006E4903 /* PBXTargetDependency */ = {
			isa = PBXTargetDependency;
			target = F884CC222AC1E0E7006E4903 /* WeatherApp */;
			targetProxy = F884CC3F2AC1E0E8006E4903 /* PBXContainerItemProxy */;
		};
/* End PBXTargetDependency section */

/* Begin XCBuildConfiguration section */
		F884CC462AC1E0E8006E4903 /* Debug */ = {
			isa = XCBuildConfiguration;
			buildSettings = {
				ALWAYS_SEARCH_USER_PATHS = NO;
				CLANG_ANALYZER_NONNULL = YES;
				CLANG_ANALYZER_NUMBER_OBJECT_CONVERSION = YES_AGGRESSIVE;
				CLANG_CXX_LANGUAGE_STANDARD = "gnu++20";
				CLANG_ENABLE_MODULES = YES;
				CLANG_ENABLE_OBJC_ARC = YES;
				CLANG_ENABLE_OBJC_WEAK = YES;
				CLANG_WARN_BLOCK_CAPTURE_AUTORELEASING = YES;
				CLANG_WARN_BOOL_CONVERSION = YES;
				CLANG_WARN_COMMA = YES;
				CLANG_WARN_CONSTANT_CONVERSION = YES;
				CLANG_WARN_DEPRECATED_OBJC_IMPLEMENTATIONS = YES;
				CLANG_WARN_DIRECT_OBJC_ISA_USAGE = YES_ERROR;
				CLANG_WARN_DOCUMENTATION_COMMENTS = YES;
				CLANG_WARN_EMPTY_BODY = YES;
				CLANG_WARN_ENUM_CONVERSION = YES;
				CLANG_WARN_INFINITE_RECURSION = YES;
				CLANG_WARN_INT_CONVERSION = YES;
				CLANG_WARN_NON_LITERAL_NULL_CONVERSION = YES;
				CLANG_WARN_OBJC_IMPLICIT_RETAIN_SELF = YES;
				CLANG_WARN_OBJC_LITERAL_CONVERSION = YES;
				CLANG_WARN_OBJC_ROOT_CLASS = YES_ERROR;
				CLANG_WARN_QUOTED_INCLUDE_IN_FRAMEWORK_HEADER = YES;
				CLANG_WARN_RANGE_LOOP_ANALYSIS = YES;
				CLANG_WARN_STRICT_PROTOTYPES = YES;
				CLANG_WARN_SUSPICIOUS_MOVE = YES;
				CLANG_WARN_UNGUARDED_AVAILABILITY = YES_AGGRESSIVE;
				CLANG_WARN_UNREACHABLE_CODE = YES;
				CLANG_WARN__DUPLICATE_METHOD_MATCH = YES;
				COPY_PHASE_STRIP = NO;
				DEBUG_INFORMATION_FORMAT = dwarf;
				ENABLE_STRICT_OBJC_MSGSEND = YES;
				ENABLE_TESTABILITY = YES;
				GCC_C_LANGUAGE_STANDARD = gnu11;
				GCC_DYNAMIC_NO_PIC = NO;
				GCC_NO_COMMON_BLOCKS = YES;
				GCC_OPTIMIZATION_LEVEL = 0;
				GCC_PREPROCESSOR_DEFINITIONS = (
					"DEBUG=1",
					"$(inherited)",
				);
				GCC_WARN_64_TO_32_BIT_CONVERSION = YES;
				GCC_WARN_ABOUT_RETURN_TYPE = YES_ERROR;
				GCC_WARN_UNDECLARED_SELECTOR = YES;
				GCC_WARN_UNINITIALIZED_AUTOS = YES_AGGRESSIVE;
				GCC_WARN_UNUSED_FUNCTION = YES;
				GCC_WARN_UNUSED_VARIABLE = YES;
				MTL_ENABLE_DEBUG_INFO = INCLUDE_SOURCE;
				MTL_FAST_MATH = YES;
				ONLY_ACTIVE_ARCH = YES;
				SWIFT_ACTIVE_COMPILATION_CONDITIONS = DEBUG;
				SWIFT_OPTIMIZATION_LEVEL = "-Onone";
			};
			name = Debug;
		};
		F884CC472AC1E0E8006E4903 /* Release */ = {
			isa = XCBuildConfiguration;
			buildSettings = {
				ALWAYS_SEARCH_USER_PATHS = NO;
				CLANG_ANALYZER_NONNULL = YES;
				CLANG_ANALYZER_NUMBER_OBJECT_CONVERSION = YES_AGGRESSIVE;
				CLANG_CXX_LANGUAGE_STANDARD = "gnu++20";
				CLANG_ENABLE_MODULES = YES;
				CLANG_ENABLE_OBJC_ARC = YES;
				CLANG_ENABLE_OBJC_WEAK = YES;
				CLANG_WARN_BLOCK_CAPTURE_AUTORELEASING = YES;
				CLANG_WARN_BOOL_CONVERSION = YES;
				CLANG_WARN_COMMA = YES;
				CLANG_WARN_CONSTANT_CONVERSION = YES;
				CLANG_WARN_DEPRECATED_OBJC_IMPLEMENTATIONS = YES;
				CLANG_WARN_DIRECT_OBJC_ISA_USAGE = YES_ERROR;
				CLANG_WARN_DOCUMENTATION_COMMENTS = YES;
				CLANG_WARN_EMPTY_BODY = YES;
				CLANG_WARN_ENUM_CONVERSION = YES;
				CLANG_WARN_INFINITE_RECURSION = YES;
				CLANG_WARN_INT_CONVERSION = YES;
				CLANG_WARN_NON_LITERAL_NULL_CONVERSION = YES;
				CLANG_WARN_OBJC_IMPLICIT_RETAIN_SELF = YES;
				CLANG_WARN_OBJC_LITERAL_CONVERSION = YES;
				CLANG_WARN_OBJC_ROOT_CLASS = YES_ERROR;
				CLANG_WARN_QUOTED_INCLUDE_IN_FRAMEWORK_HEADER = YES;
				CLANG_WARN_RANGE_LOOP_ANALYSIS = YES;
				CLANG_WARN_STRICT_PROTOTYPES = YES;
				CLANG_WARN_SUSPICIOUS_MOVE = YES;
				CLANG_WARN_UNGUARDED_AVAILABILITY = YES_AGGRESSIVE;
				CLANG_WARN_UNREACHABLE_CODE = YES;
				CLANG_WARN__DUPLICATE_METHOD_MATCH = YES;
				COPY_PHASE_STRIP = NO;
				DEBUG_INFORMATION_FORMAT = "dwarf-with-dsym";
				ENABLE_NS_ASSERTIONS = NO;
				ENABLE_STRICT_OBJC_MSGSEND = YES;
				GCC_C_LANGUAGE_STANDARD = gnu11;
				GCC_NO_COMMON_BLOCKS = YES;
				GCC_WARN_64_TO_32_BIT_CONVERSION = YES;
				GCC_WARN_ABOUT_RETURN_TYPE = YES_ERROR;
				GCC_WARN_UNDECLARED_SELECTOR = YES;
				GCC_WARN_UNINITIALIZED_AUTOS = YES_AGGRESSIVE;
				GCC_WARN_UNUSED_FUNCTION = YES;
				GCC_WARN_UNUSED_VARIABLE = YES;
				MTL_ENABLE_DEBUG_INFO = NO;
				MTL_FAST_MATH = YES;
				SWIFT_COMPILATION_MODE = wholemodule;
				SWIFT_OPTIMIZATION_LEVEL = "-O";
			};
			name = Release;
		};
		F884CC492AC1E0E8006E4903 /* Debug */ = {
			isa = XCBuildConfiguration;
			buildSettings = {
				ASSETCATALOG_COMPILER_APPICON_NAME = AppIcon;
				ASSETCATALOG_COMPILER_GLOBAL_ACCENT_COLOR_NAME = AccentColor;
				CODE_SIGN_ENTITLEMENTS = WeatherApp/WeatherApp.entitlements;
				CODE_SIGN_STYLE = Automatic;
				CURRENT_PROJECT_VERSION = 1;
				DEVELOPMENT_ASSET_PATHS = "\"WeatherApp/Preview Content\"";
				ENABLE_PREVIEWS = YES;
				GENERATE_INFOPLIST_FILE = YES;
				INFOPLIST_FILE = WeatherApp/Info.plist;
				INFOPLIST_KEY_NSLocationWhenInUseUsageDescription = "WeatherApp requesting location service, pleases allow.";
				"INFOPLIST_KEY_UIApplicationSceneManifest_Generation[sdk=iphoneos*]" = YES;
				"INFOPLIST_KEY_UIApplicationSceneManifest_Generation[sdk=iphonesimulator*]" = YES;
				"INFOPLIST_KEY_UIApplicationSupportsIndirectInputEvents[sdk=iphoneos*]" = YES;
				"INFOPLIST_KEY_UIApplicationSupportsIndirectInputEvents[sdk=iphonesimulator*]" = YES;
				"INFOPLIST_KEY_UILaunchScreen_Generation[sdk=iphoneos*]" = YES;
				"INFOPLIST_KEY_UILaunchScreen_Generation[sdk=iphonesimulator*]" = YES;
				"INFOPLIST_KEY_UIStatusBarStyle[sdk=iphoneos*]" = UIStatusBarStyleDefault;
				"INFOPLIST_KEY_UIStatusBarStyle[sdk=iphonesimulator*]" = UIStatusBarStyleDefault;
				INFOPLIST_KEY_UISupportedInterfaceOrientations_iPad = "UIInterfaceOrientationPortrait UIInterfaceOrientationPortraitUpsideDown UIInterfaceOrientationLandscapeLeft UIInterfaceOrientationLandscapeRight";
				INFOPLIST_KEY_UISupportedInterfaceOrientations_iPhone = "UIInterfaceOrientationPortrait UIInterfaceOrientationLandscapeLeft UIInterfaceOrientationLandscapeRight";
				IPHONEOS_DEPLOYMENT_TARGET = 16.2;
				LD_RUNPATH_SEARCH_PATHS = "@executable_path/Frameworks";
				"LD_RUNPATH_SEARCH_PATHS[sdk=macosx*]" = "@executable_path/../Frameworks";
				MACOSX_DEPLOYMENT_TARGET = 12.6;
				MARKETING_VERSION = 1.0;
				PRODUCT_BUNDLE_IDENTIFIER = com.blackjackfruit.WeatherApp;
				PRODUCT_NAME = "$(TARGET_NAME)";
				SDKROOT = auto;
				SUPPORTED_PLATFORMS = "iphoneos iphonesimulator";
				SUPPORTS_MACCATALYST = NO;
				SUPPORTS_MAC_DESIGNED_FOR_IPHONE_IPAD = NO;
				SWIFT_EMIT_LOC_STRINGS = YES;
				SWIFT_VERSION = 5.0;
				TARGETED_DEVICE_FAMILY = "1,2";
			};
			name = Debug;
		};
		F884CC4A2AC1E0E8006E4903 /* Release */ = {
			isa = XCBuildConfiguration;
			buildSettings = {
				ASSETCATALOG_COMPILER_APPICON_NAME = AppIcon;
				ASSETCATALOG_COMPILER_GLOBAL_ACCENT_COLOR_NAME = AccentColor;
				CODE_SIGN_ENTITLEMENTS = WeatherApp/WeatherApp.entitlements;
				CODE_SIGN_STYLE = Automatic;
				CURRENT_PROJECT_VERSION = 1;
				DEVELOPMENT_ASSET_PATHS = "\"WeatherApp/Preview Content\"";
				ENABLE_PREVIEWS = YES;
				GENERATE_INFOPLIST_FILE = YES;
				INFOPLIST_FILE = WeatherApp/Info.plist;
				INFOPLIST_KEY_NSLocationWhenInUseUsageDescription = "WeatherApp requesting location service, pleases allow.";
				"INFOPLIST_KEY_UIApplicationSceneManifest_Generation[sdk=iphoneos*]" = YES;
				"INFOPLIST_KEY_UIApplicationSceneManifest_Generation[sdk=iphonesimulator*]" = YES;
				"INFOPLIST_KEY_UIApplicationSupportsIndirectInputEvents[sdk=iphoneos*]" = YES;
				"INFOPLIST_KEY_UIApplicationSupportsIndirectInputEvents[sdk=iphonesimulator*]" = YES;
				"INFOPLIST_KEY_UILaunchScreen_Generation[sdk=iphoneos*]" = YES;
				"INFOPLIST_KEY_UILaunchScreen_Generation[sdk=iphonesimulator*]" = YES;
				"INFOPLIST_KEY_UIStatusBarStyle[sdk=iphoneos*]" = UIStatusBarStyleDefault;
				"INFOPLIST_KEY_UIStatusBarStyle[sdk=iphonesimulator*]" = UIStatusBarStyleDefault;
				INFOPLIST_KEY_UISupportedInterfaceOrientations_iPad = "UIInterfaceOrientationPortrait UIInterfaceOrientationPortraitUpsideDown UIInterfaceOrientationLandscapeLeft UIInterfaceOrientationLandscapeRight";
				INFOPLIST_KEY_UISupportedInterfaceOrientations_iPhone = "UIInterfaceOrientationPortrait UIInterfaceOrientationLandscapeLeft UIInterfaceOrientationLandscapeRight";
				IPHONEOS_DEPLOYMENT_TARGET = 16.2;
				LD_RUNPATH_SEARCH_PATHS = "@executable_path/Frameworks";
				"LD_RUNPATH_SEARCH_PATHS[sdk=macosx*]" = "@executable_path/../Frameworks";
				MACOSX_DEPLOYMENT_TARGET = 12.6;
				MARKETING_VERSION = 1.0;
				PRODUCT_BUNDLE_IDENTIFIER = com.blackjackfruit.WeatherApp;
				PRODUCT_NAME = "$(TARGET_NAME)";
				SDKROOT = auto;
				SUPPORTED_PLATFORMS = "iphoneos iphonesimulator";
				SUPPORTS_MACCATALYST = NO;
				SUPPORTS_MAC_DESIGNED_FOR_IPHONE_IPAD = NO;
				SWIFT_EMIT_LOC_STRINGS = YES;
				SWIFT_VERSION = 5.0;
				TARGETED_DEVICE_FAMILY = "1,2";
			};
			name = Release;
		};
		F884CC4C2AC1E0E8006E4903 /* Debug */ = {
			isa = XCBuildConfiguration;
			buildSettings = {
				ALWAYS_EMBED_SWIFT_STANDARD_LIBRARIES = YES;
				BUNDLE_LOADER = "$(TEST_HOST)";
				CODE_SIGN_STYLE = Automatic;
				CURRENT_PROJECT_VERSION = 1;
				GENERATE_INFOPLIST_FILE = YES;
				IPHONEOS_DEPLOYMENT_TARGET = 16.2;
				MACOSX_DEPLOYMENT_TARGET = 12.6;
				MARKETING_VERSION = 1.0;
				PRODUCT_BUNDLE_IDENTIFIER = com.blackjackfruit.WeatherAppTests;
				PRODUCT_NAME = "$(TARGET_NAME)";
				SDKROOT = auto;
				SUPPORTED_PLATFORMS = "iphoneos iphonesimulator macosx";
				SWIFT_EMIT_LOC_STRINGS = NO;
				SWIFT_VERSION = 5.0;
				TARGETED_DEVICE_FAMILY = "1,2";
				TEST_HOST = "$(BUILT_PRODUCTS_DIR)/WeatherApp.app/$(BUNDLE_EXECUTABLE_FOLDER_PATH)/WeatherApp";
			};
			name = Debug;
		};
		F884CC4D2AC1E0E8006E4903 /* Release */ = {
			isa = XCBuildConfiguration;
			buildSettings = {
				ALWAYS_EMBED_SWIFT_STANDARD_LIBRARIES = YES;
				BUNDLE_LOADER = "$(TEST_HOST)";
				CODE_SIGN_STYLE = Automatic;
				CURRENT_PROJECT_VERSION = 1;
				GENERATE_INFOPLIST_FILE = YES;
				IPHONEOS_DEPLOYMENT_TARGET = 16.2;
				MACOSX_DEPLOYMENT_TARGET = 12.6;
				MARKETING_VERSION = 1.0;
				PRODUCT_BUNDLE_IDENTIFIER = com.blackjackfruit.WeatherAppTests;
				PRODUCT_NAME = "$(TARGET_NAME)";
				SDKROOT = auto;
				SUPPORTED_PLATFORMS = "iphoneos iphonesimulator macosx";
				SWIFT_EMIT_LOC_STRINGS = NO;
				SWIFT_VERSION = 5.0;
				TARGETED_DEVICE_FAMILY = "1,2";
				TEST_HOST = "$(BUILT_PRODUCTS_DIR)/WeatherApp.app/$(BUNDLE_EXECUTABLE_FOLDER_PATH)/WeatherApp";
			};
			name = Release;
		};
		F884CC4F2AC1E0E8006E4903 /* Debug */ = {
			isa = XCBuildConfiguration;
			buildSettings = {
				ALWAYS_EMBED_SWIFT_STANDARD_LIBRARIES = YES;
				CODE_SIGN_STYLE = Automatic;
				CURRENT_PROJECT_VERSION = 1;
				GENERATE_INFOPLIST_FILE = YES;
				IPHONEOS_DEPLOYMENT_TARGET = 16.2;
				MACOSX_DEPLOYMENT_TARGET = 12.6;
				MARKETING_VERSION = 1.0;
				PRODUCT_BUNDLE_IDENTIFIER = com.blackjackfruit.WeatherAppUITests;
				PRODUCT_NAME = "$(TARGET_NAME)";
				SDKROOT = auto;
				SUPPORTED_PLATFORMS = "iphoneos iphonesimulator macosx";
				SWIFT_EMIT_LOC_STRINGS = NO;
				SWIFT_VERSION = 5.0;
				TARGETED_DEVICE_FAMILY = "1,2";
				TEST_TARGET_NAME = WeatherApp;
			};
			name = Debug;
		};
		F884CC502AC1E0E8006E4903 /* Release */ = {
			isa = XCBuildConfiguration;
			buildSettings = {
				ALWAYS_EMBED_SWIFT_STANDARD_LIBRARIES = YES;
				CODE_SIGN_STYLE = Automatic;
				CURRENT_PROJECT_VERSION = 1;
				GENERATE_INFOPLIST_FILE = YES;
				IPHONEOS_DEPLOYMENT_TARGET = 16.2;
				MACOSX_DEPLOYMENT_TARGET = 12.6;
				MARKETING_VERSION = 1.0;
				PRODUCT_BUNDLE_IDENTIFIER = com.blackjackfruit.WeatherAppUITests;
				PRODUCT_NAME = "$(TARGET_NAME)";
				SDKROOT = auto;
				SUPPORTED_PLATFORMS = "iphoneos iphonesimulator macosx";
				SWIFT_EMIT_LOC_STRINGS = NO;
				SWIFT_VERSION = 5.0;
				TARGETED_DEVICE_FAMILY = "1,2";
				TEST_TARGET_NAME = WeatherApp;
			};
			name = Release;
		};
/* End XCBuildConfiguration section */

/* Begin XCConfigurationList section */
		F884CC1E2AC1E0E7006E4903 /* Build configuration list for PBXProject "WeatherApp" */ = {
			isa = XCConfigurationList;
			buildConfigurations = (
				F884CC462AC1E0E8006E4903 /* Debug */,
				F884CC472AC1E0E8006E4903 /* Release */,
			);
			defaultConfigurationIsVisible = 0;
			defaultConfigurationName = Release;
		};
		F884CC482AC1E0E8006E4903 /* Build configuration list for PBXNativeTarget "WeatherApp" */ = {
			isa = XCConfigurationList;
			buildConfigurations = (
				F884CC492AC1E0E8006E4903 /* Debug */,
				F884CC4A2AC1E0E8006E4903 /* Release */,
			);
			defaultConfigurationIsVisible = 0;
			defaultConfigurationName = Release;
		};
		F884CC4B2AC1E0E8006E4903 /* Build configuration list for PBXNativeTarget "WeatherAppTests" */ = {
			isa = XCConfigurationList;
			buildConfigurations = (
				F884CC4C2AC1E0E8006E4903 /* Debug */,
				F884CC4D2AC1E0E8006E4903 /* Release */,
			);
			defaultConfigurationIsVisible = 0;
			defaultConfigurationName = Release;
		};
		F884CC4E2AC1E0E8006E4903 /* Build configuration list for PBXNativeTarget "WeatherAppUITests" */ = {
			isa = XCConfigurationList;
			buildConfigurations = (
				F884CC4F2AC1E0E8006E4903 /* Debug */,
				F884CC502AC1E0E8006E4903 /* Release */,
			);
			defaultConfigurationIsVisible = 0;
			defaultConfigurationName = Release;
		};
/* End XCConfigurationList section */
	};
	rootObject = F884CC1B2AC1E0E7006E4903 /* Project object */;
}
